// !$*UTF8*$!
{
	archiveVersion = 1;
	classes = {
	};
	objectVersion = 50;
	objects = {

/* Begin PBXBuildFile section */
		2F15289722AE9C80000C2967 /* AppDelegate.swift in Sources */ = {isa = PBXBuildFile; fileRef = 2F15289622AE9C80000C2967 /* AppDelegate.swift */; };
		2F15289922AE9C80000C2967 /* ViewController.swift in Sources */ = {isa = PBXBuildFile; fileRef = 2F15289822AE9C80000C2967 /* ViewController.swift */; };
		2F15289C22AE9C80000C2967 /* Main.storyboard in Resources */ = {isa = PBXBuildFile; fileRef = 2F15289A22AE9C80000C2967 /* Main.storyboard */; };
		2F15289E22AE9C81000C2967 /* Assets.xcassets in Resources */ = {isa = PBXBuildFile; fileRef = 2F15289D22AE9C81000C2967 /* Assets.xcassets */; };
		2F1528A122AE9C81000C2967 /* LaunchScreen.storyboard in Resources */ = {isa = PBXBuildFile; fileRef = 2F15289F22AE9C81000C2967 /* LaunchScreen.storyboard */; };
		2F1528AD22AE9F39000C2967 /* ThirstySoftRegular.otf in Resources */ = {isa = PBXBuildFile; fileRef = 2F1528AC22AE9F38000C2967 /* ThirstySoftRegular.otf */; };
		2F1528AF22AE9F41000C2967 /* Delm-Medium.otf in Resources */ = {isa = PBXBuildFile; fileRef = 2F1528AE22AE9F40000C2967 /* Delm-Medium.otf */; };
		2F55020C22E897120084BE32 /* UIView.swift in Sources */ = {isa = PBXBuildFile; fileRef = 2F55020B22E897120084BE32 /* UIView.swift */; };
/* End PBXBuildFile section */

/* Begin PBXFileReference section */
		2F15289322AE9C80000C2967 /* Instagrid.app */ = {isa = PBXFileReference; explicitFileType = wrapper.application; includeInIndex = 0; path = Instagrid.app; sourceTree = BUILT_PRODUCTS_DIR; };
		2F15289622AE9C80000C2967 /* AppDelegate.swift */ = {isa = PBXFileReference; lastKnownFileType = sourcecode.swift; path = AppDelegate.swift; sourceTree = "<group>"; };
		2F15289822AE9C80000C2967 /* ViewController.swift */ = {isa = PBXFileReference; lastKnownFileType = sourcecode.swift; path = ViewController.swift; sourceTree = "<group>"; };
		2F15289B22AE9C80000C2967 /* Base */ = {isa = PBXFileReference; lastKnownFileType = file.storyboard; name = Base; path = Base.lproj/Main.storyboard; sourceTree = "<group>"; };
		2F15289D22AE9C81000C2967 /* Assets.xcassets */ = {isa = PBXFileReference; lastKnownFileType = folder.assetcatalog; path = Assets.xcassets; sourceTree = "<group>"; };
		2F1528A022AE9C81000C2967 /* Base */ = {isa = PBXFileReference; lastKnownFileType = file.storyboard; name = Base; path = Base.lproj/LaunchScreen.storyboard; sourceTree = "<group>"; };
		2F1528A222AE9C81000C2967 /* Info.plist */ = {isa = PBXFileReference; lastKnownFileType = text.plist.xml; path = Info.plist; sourceTree = "<group>"; };
		2F1528AC22AE9F38000C2967 /* ThirstySoftRegular.otf */ = {isa = PBXFileReference; lastKnownFileType = file; path = ThirstySoftRegular.otf; sourceTree = "<group>"; };
		2F1528AE22AE9F40000C2967 /* Delm-Medium.otf */ = {isa = PBXFileReference; lastKnownFileType = file; path = "Delm-Medium.otf"; sourceTree = "<group>"; };
		2F55020B22E897120084BE32 /* UIView.swift */ = {isa = PBXFileReference; lastKnownFileType = sourcecode.swift; path = UIView.swift; sourceTree = "<group>"; };
/* End PBXFileReference section */

/* Begin PBXFrameworksBuildPhase section */
		2F15289022AE9C80000C2967 /* Frameworks */ = {
			isa = PBXFrameworksBuildPhase;
			buildActionMask = 2147483647;
			files = (
			);
			runOnlyForDeploymentPostprocessing = 0;
		};
/* End PBXFrameworksBuildPhase section */

/* Begin PBXGroup section */
		2F15288A22AE9C80000C2967 = {
			isa = PBXGroup;
			children = (
				2F15289522AE9C80000C2967 /* Instagrid */,
				2F15289422AE9C80000C2967 /* Products */,
			);
			sourceTree = "<group>";
		};
		2F15289422AE9C80000C2967 /* Products */ = {
			isa = PBXGroup;
			children = (
				2F15289322AE9C80000C2967 /* Instagrid.app */,
			);
			name = Products;
			sourceTree = "<group>";
		};
		2F15289522AE9C80000C2967 /* Instagrid */ = {
			isa = PBXGroup;
			children = (
				2F1528A822AE9C97000C2967 /* Extensions */,
				2F1528A922AE9CA8000C2967 /* View */,
				2F1528AA22AE9CB8000C2967 /* Controller */,
				2F1528AB22AE9CC9000C2967 /* Supporting Files */,
			);
			path = Instagrid;
			sourceTree = "<group>";
		};
		2F1528A822AE9C97000C2967 /* Extensions */ = {
			isa = PBXGroup;
			children = (
				2F55020B22E897120084BE32 /* UIView.swift */,
			);
			path = Extensions;
			sourceTree = "<group>";
		};
		2F1528A922AE9CA8000C2967 /* View */ = {
			isa = PBXGroup;
			children = (
				2F15289A22AE9C80000C2967 /* Main.storyboard */,
			);
			path = View;
			sourceTree = "<group>";
		};
		2F1528AA22AE9CB8000C2967 /* Controller */ = {
			isa = PBXGroup;
			children = (
				2F15289822AE9C80000C2967 /* ViewController.swift */,
			);
			path = Controller;
			sourceTree = "<group>";
		};
		2F1528AB22AE9CC9000C2967 /* Supporting Files */ = {
			isa = PBXGroup;
			children = (
				2F15289D22AE9C81000C2967 /* Assets.xcassets */,
				2F1528AE22AE9F40000C2967 /* Delm-Medium.otf */,
				2F1528AC22AE9F38000C2967 /* ThirstySoftRegular.otf */,
				2F15289622AE9C80000C2967 /* AppDelegate.swift */,
				2F1528A222AE9C81000C2967 /* Info.plist */,
				2F15289F22AE9C81000C2967 /* LaunchScreen.storyboard */,
			);
			path = "Supporting Files";
			sourceTree = "<group>";
		};
/* End PBXGroup section */

/* Begin PBXNativeTarget section */
		2F15289222AE9C80000C2967 /* Instagrid */ = {
			isa = PBXNativeTarget;
			buildConfigurationList = 2F1528A522AE9C81000C2967 /* Build configuration list for PBXNativeTarget "Instagrid" */;
			buildPhases = (
				2F15288F22AE9C80000C2967 /* Sources */,
				2F15289022AE9C80000C2967 /* Frameworks */,
				2F15289122AE9C80000C2967 /* Resources */,
			);
			buildRules = (
			);
			dependencies = (
			);
			name = Instagrid;
			productName = Instagrid;
			productReference = 2F15289322AE9C80000C2967 /* Instagrid.app */;
			productType = "com.apple.product-type.application";
		};
/* End PBXNativeTarget section */

/* Begin PBXProject section */
		2F15288B22AE9C80000C2967 /* Project object */ = {
			isa = PBXProject;
			attributes = {
				LastSwiftUpdateCheck = 1020;
				LastUpgradeCheck = 1020;
				ORGANIZATIONNAME = "Elodie-Anne Parquer";
				TargetAttributes = {
					2F15289222AE9C80000C2967 = {
						CreatedOnToolsVersion = 10.2.1;
					};
				};
			};
			buildConfigurationList = 2F15288E22AE9C80000C2967 /* Build configuration list for PBXProject "Instagrid" */;
			compatibilityVersion = "Xcode 9.3";
			developmentRegion = en;
			hasScannedForEncodings = 0;
			knownRegions = (
				en,
				Base,
			);
			mainGroup = 2F15288A22AE9C80000C2967;
			productRefGroup = 2F15289422AE9C80000C2967 /* Products */;
			projectDirPath = "";
			projectRoot = "";
			targets = (
				2F15289222AE9C80000C2967 /* Instagrid */,
			);
		};
/* End PBXProject section */

/* Begin PBXResourcesBuildPhase section */
		2F15289122AE9C80000C2967 /* Resources */ = {
			isa = PBXResourcesBuildPhase;
			buildActionMask = 2147483647;
			files = (
				2F1528A122AE9C81000C2967 /* LaunchScreen.storyboard in Resources */,
				2F1528AF22AE9F41000C2967 /* Delm-Medium.otf in Resources */,
				2F15289E22AE9C81000C2967 /* Assets.xcassets in Resources */,
				2F1528AD22AE9F39000C2967 /* ThirstySoftRegular.otf in Resources */,
				2F15289C22AE9C80000C2967 /* Main.storyboard in Resources */,
			);
			runOnlyForDeploymentPostprocessing = 0;
		};
/* End PBXResourcesBuildPhase section */

/* Begin PBXSourcesBuildPhase section */
		2F15288F22AE9C80000C2967 /* Sources */ = {
			isa = PBXSourcesBuildPhase;
			buildActionMask = 2147483647;
			files = (
				2F15289922AE9C80000C2967 /* ViewController.swift in Sources */,
				2F55020C22E897120084BE32 /* UIView.swift in Sources */,
				2F15289722AE9C80000C2967 /* AppDelegate.swift in Sources */,
			);
			runOnlyForDeploymentPostprocessing = 0;
		};
/* End PBXSourcesBuildPhase section */

/* Begin PBXVariantGroup section */
		2F15289A22AE9C80000C2967 /* Main.storyboard */ = {
			isa = PBXVariantGroup;
			children = (
				2F15289B22AE9C80000C2967 /* Base */,
			);
			name = Main.storyboard;
			sourceTree = "<group>";
		};
		2F15289F22AE9C81000C2967 /* LaunchScreen.storyboard */ = {
			isa = PBXVariantGroup;
			children = (
				2F1528A022AE9C81000C2967 /* Base */,
			);
			name = LaunchScreen.storyboard;
			sourceTree = "<group>";
		};
/* End PBXVariantGroup section */

/* Begin XCBuildConfiguration section */
		2F1528A322AE9C81000C2967 /* Debug */ = {
			isa = XCBuildConfiguration;
			buildSettings = {
				ALWAYS_SEARCH_USER_PATHS = NO;
				CLANG_ANALYZER_NONNULL = YES;
				CLANG_ANALYZER_NUMBER_OBJECT_CONVERSION = YES_AGGRESSIVE;
				CLANG_CXX_LANGUAGE_STANDARD = "gnu++14";
				CLANG_CXX_LIBRARY = "libc++";
				CLANG_ENABLE_MODULES = YES;
				CLANG_ENABLE_OBJC_ARC = YES;
				CLANG_ENABLE_OBJC_WEAK = YES;
				CLANG_WARN_BLOCK_CAPTURE_AUTORELEASING = YES;
				CLANG_WARN_BOOL_CONVERSION = YES;
				CLANG_WARN_COMMA = YES;
				CLANG_WARN_CONSTANT_CONVERSION = YES;
				CLANG_WARN_DEPRECATED_OBJC_IMPLEMENTATIONS = YES;
				CLANG_WARN_DIRECT_OBJC_ISA_USAGE = YES_ERROR;
				CLANG_WARN_DOCUMENTATION_COMMENTS = YES;
				CLANG_WARN_EMPTY_BODY = YES;
				CLANG_WARN_ENUM_CONVERSION = YES;
				CLANG_WARN_INFINITE_RECURSION = YES;
				CLANG_WARN_INT_CONVERSION = YES;
				CLANG_WARN_NON_LITERAL_NULL_CONVERSION = YES;
				CLANG_WARN_OBJC_IMPLICIT_RETAIN_SELF = YES;
				CLANG_WARN_OBJC_LITERAL_CONVERSION = YES;
				CLANG_WARN_OBJC_ROOT_CLASS = YES_ERROR;
				CLANG_WARN_RANGE_LOOP_ANALYSIS = YES;
				CLANG_WARN_STRICT_PROTOTYPES = YES;
				CLANG_WARN_SUSPICIOUS_MOVE = YES;
				CLANG_WARN_UNGUARDED_AVAILABILITY = YES_AGGRESSIVE;
				CLANG_WARN_UNREACHABLE_CODE = YES;
				CLANG_WARN__DUPLICATE_METHOD_MATCH = YES;
				CODE_SIGN_IDENTITY = "iPhone Developer";
				COPY_PHASE_STRIP = NO;
				DEBUG_INFORMATION_FORMAT = dwarf;
				ENABLE_STRICT_OBJC_MSGSEND = YES;
				ENABLE_TESTABILITY = YES;
				GCC_C_LANGUAGE_STANDARD = gnu11;
				GCC_DYNAMIC_NO_PIC = NO;
				GCC_NO_COMMON_BLOCKS = YES;
				GCC_OPTIMIZATION_LEVEL = 0;
				GCC_PREPROCESSOR_DEFINITIONS = (
					"DEBUG=1",
					"$(inherited)",
				);
				GCC_WARN_64_TO_32_BIT_CONVERSION = YES;
				GCC_WARN_ABOUT_RETURN_TYPE = YES_ERROR;
				GCC_WARN_UNDECLARED_SELECTOR = YES;
				GCC_WARN_UNINITIALIZED_AUTOS = YES_AGGRESSIVE;
				GCC_WARN_UNUSED_FUNCTION = YES;
				GCC_WARN_UNUSED_VARIABLE = YES;
				IPHONEOS_DEPLOYMENT_TARGET = 12.2;
				MTL_ENABLE_DEBUG_INFO = INCLUDE_SOURCE;
				MTL_FAST_MATH = YES;
				ONLY_ACTIVE_ARCH = YES;
				SDKROOT = iphoneos;
				SWIFT_ACTIVE_COMPILATION_CONDITIONS = DEBUG;
				SWIFT_OPTIMIZATION_LEVEL = "-Onone";
			};
			name = Debug;
		};
		2F1528A422AE9C81000C2967 /* Release */ = {
			isa = XCBuildConfiguration;
			buildSettings = {
				ALWAYS_SEARCH_USER_PATHS = NO;
				CLANG_ANALYZER_NONNULL = YES;
				CLANG_ANALYZER_NUMBER_OBJECT_CONVERSION = YES_AGGRESSIVE;
				CLANG_CXX_LANGUAGE_STANDARD = "gnu++14";
				CLANG_CXX_LIBRARY = "libc++";
				CLANG_ENABLE_MODULES = YES;
				CLANG_ENABLE_OBJC_ARC = YES;
				CLANG_ENABLE_OBJC_WEAK = YES;
				CLANG_WARN_BLOCK_CAPTURE_AUTORELEASING = YES;
				CLANG_WARN_BOOL_CONVERSION = YES;
				CLANG_WARN_COMMA = YES;
				CLANG_WARN_CONSTANT_CONVERSION = YES;
				CLANG_WARN_DEPRECATED_OBJC_IMPLEMENTATIONS = YES;
				CLANG_WARN_DIRECT_OBJC_ISA_USAGE = YES_ERROR;
				CLANG_WARN_DOCUMENTATION_COMMENTS = YES;
				CLANG_WARN_EMPTY_BODY = YES;
				CLANG_WARN_ENUM_CONVERSION = YES;
				CLANG_WARN_INFINITE_RECURSION = YES;
				CLANG_WARN_INT_CONVERSION = YES;
				CLANG_WARN_NON_LITERAL_NULL_CONVERSION = YES;
				CLANG_WARN_OBJC_IMPLICIT_RETAIN_SELF = YES;
				CLANG_WARN_OBJC_LITERAL_CONVERSION = YES;
				CLANG_WARN_OBJC_ROOT_CLASS = YES_ERROR;
				CLANG_WARN_RANGE_LOOP_ANALYSIS = YES;
				CLANG_WARN_STRICT_PROTOTYPES = YES;
				CLANG_WARN_SUSPICIOUS_MOVE = YES;
				CLANG_WARN_UNGUARDED_AVAILABILITY = YES_AGGRESSIVE;
				CLANG_WARN_UNREACHABLE_CODE = YES;
				CLANG_WARN__DUPLICATE_METHOD_MATCH = YES;
				CODE_SIGN_IDENTITY = "iPhone Developer";
				COPY_PHASE_STRIP = NO;
				DEBUG_INFORMATION_FORMAT = "dwarf-with-dsym";
				ENABLE_NS_ASSERTIONS = NO;
				ENABLE_STRICT_OBJC_MSGSEND = YES;
				GCC_C_LANGUAGE_STANDARD = gnu11;
				GCC_NO_COMMON_BLOCKS = YES;
				GCC_WARN_64_TO_32_BIT_CONVERSION = YES;
				GCC_WARN_ABOUT_RETURN_TYPE = YES_ERROR;
				GCC_WARN_UNDECLARED_SELECTOR = YES;
				GCC_WARN_UNINITIALIZED_AUTOS = YES_AGGRESSIVE;
				GCC_WARN_UNUSED_FUNCTION = YES;
				GCC_WARN_UNUSED_VARIABLE = YES;
				IPHONEOS_DEPLOYMENT_TARGET = 12.2;
				MTL_ENABLE_DEBUG_INFO = NO;
				MTL_FAST_MATH = YES;
				SDKROOT = iphoneos;
				SWIFT_COMPILATION_MODE = wholemodule;
				SWIFT_OPTIMIZATION_LEVEL = "-O";
				VALIDATE_PRODUCT = YES;
			};
			name = Release;
		};
		2F1528A622AE9C81000C2967 /* Debug */ = {
			isa = XCBuildConfiguration;
			buildSettings = {
				ASSETCATALOG_COMPILER_APPICON_NAME = AppIcon;
				CODE_SIGN_STYLE = Automatic;
				DEVELOPMENT_TEAM = 9A872RVUGW;
				INFOPLIST_FILE = "$(SRCROOT)/Instagrid/Supporting Files/Info.plist";
				IPHONEOS_DEPLOYMENT_TARGET = 11.0;
				LD_RUNPATH_SEARCH_PATHS = (
					"$(inherited)",
					"@executable_path/Frameworks",
				);
				PRODUCT_BUNDLE_IDENTIFIER = com.elodieanne.Instagrid;
				PRODUCT_NAME = "$(TARGET_NAME)";
				SWIFT_VERSION = 5.0;
				TARGETED_DEVICE_FAMILY = "1,2";
			};
			name = Debug;
		};
		2F1528A722AE9C81000C2967 /* Release */ = {
			isa = XCBuildConfiguration;
			buildSettings = {
				ASSETCATALOG_COMPILER_APPICON_NAME = AppIcon;
				CODE_SIGN_STYLE = Automatic;
				DEVELOPMENT_TEAM = 9A872RVUGW;
				INFOPLIST_FILE = "$(SRCROOT)/Instagrid/Supporting Files/Info.plist";
				IPHONEOS_DEPLOYMENT_TARGET = 11.0;
				LD_RUNPATH_SEARCH_PATHS = (
					"$(inherited)",
					"@executable_path/Frameworks",
				);
				PRODUCT_BUNDLE_IDENTIFIER = com.elodieanne.Instagrid;
				PRODUCT_NAME = "$(TARGET_NAME)";
				SWIFT_VERSION = 5.0;
				TARGETED_DEVICE_FAMILY = "1,2";
			};
			name = Release;
		};
/* End XCBuildConfiguration section */

/* Begin XCConfigurationList section */
		2F15288E22AE9C80000C2967 /* Build configuration list for PBXProject "Instagrid" */ = {
			isa = XCConfigurationList;
			buildConfigurations = (
				2F1528A322AE9C81000C2967 /* Debug */,
				2F1528A422AE9C81000C2967 /* Release */,
			);
			defaultConfigurationIsVisible = 0;
			defaultConfigurationName = Release;
		};
		2F1528A522AE9C81000C2967 /* Build configuration list for PBXNativeTarget "Instagrid" */ = {
			isa = XCConfigurationList;
			buildConfigurations = (
				2F1528A622AE9C81000C2967 /* Debug */,
				2F1528A722AE9C81000C2967 /* Release */,
			);
			defaultConfigurationIsVisible = 0;
			defaultConfigurationName = Release;
		};
/* End XCConfigurationList section */
	};
	rootObject = 2F15288B22AE9C80000C2967 /* Project object */;
}
